
Microsoft Visual Studio Solution File, Format Version 12.00
# Visual Studio 2013
VisualStudioVersion = 12.0.21005.1
MinimumVisualStudioVersion = 10.0.40219.1
Project("{FAE04EC0-301F-11D3-BF4B-00C04F79EFBC}") = "PredicateDelegate2016", "PredicateDelegate2016\PredicateDelegate2016.csproj", "{0DAC53E6-A245-4C57-9A62-F5EA68AD181B}"
EndProject
Global
	GlobalSection(SolutionConfigurationPlatforms) = preSolution
		Debug|Any CPU = Debug|Any CPU
		Release|Any CPU = Release|Any CPU
	EndGlobalSection
	GlobalSection(ProjectConfigurationPlatforms) = postSolution
		{0DAC53E6-A245-4C57-9A62-F5EA68AD181B}.Debug|Any CPU.ActiveCfg = Debug|Any CPU
		{0DAC53E6-A245-4C57-9A62-F5EA68AD181B}.Debug|Any CPU.Build.0 = Debug|Any CPU
		{0DAC53E6-A245-4C57-9A62-F5EA68AD181B}.Release|Any CPU.ActiveCfg = Release|Any CPU
		{0DAC53E6-A245-4C57-9A62-F5EA68AD181B}.Release|Any CPU.Build.0 = Release|Any CPU
	EndGlobalSection
	GlobalSection(SolutionProperties) = preSolution
		HideSolutionNode = FALSE
	EndGlobalSection
EndGlobal
